// !$*UTF8*$!
{
	archiveVersion = 1;
	classes = {
	};
	objectVersion = 56;
	objects = {

/* Begin PBXBuildFile section */
		3E46B6CD2B0E6BB90073E8EA /* main.swift in Sources */ = {isa = PBXBuildFile; fileRef = 3E46B6CC2B0E6BB90073E8EA /* main.swift */; };
		3E46B6D42B0E6BCC0073E8EA /* QuickSort.swift in Sources */ = {isa = PBXBuildFile; fileRef = 3E46B6D32B0E6BCC0073E8EA /* QuickSort.swift */; };
		3E46B6D82B0FFE880073E8EA /* LinearSearch.swift in Sources */ = {isa = PBXBuildFile; fileRef = 3E46B6D72B0FFE880073E8EA /* LinearSearch.swift */; };
		3E46B6DA2B0FFEF80073E8EA /* BinarySearch.swift in Sources */ = {isa = PBXBuildFile; fileRef = 3E46B6D92B0FFEF80073E8EA /* BinarySearch.swift */; };
		3E46B6DC2B1002CF0073E8EA /* BubbleSort.swift in Sources */ = {isa = PBXBuildFile; fileRef = 3E46B6DB2B1002CF0073E8EA /* BubbleSort.swift */; };
		3E46B6DE2B10036F0073E8EA /* InsertionSort.swift in Sources */ = {isa = PBXBuildFile; fileRef = 3E46B6DD2B10036F0073E8EA /* InsertionSort.swift */; };
		3E46B6E02B10044B0073E8EA /* MergeSort.swift in Sources */ = {isa = PBXBuildFile; fileRef = 3E46B6DF2B10044B0073E8EA /* MergeSort.swift */; };
		3E9009FB2B1BA2960040F671 /* LinearSearch.swift in Sources */ = {isa = PBXBuildFile; fileRef = 3E9009FA2B1BA2960040F671 /* LinearSearch.swift */; };
		3E900A082B1BA3490040F671 /* LinearSearchTests.swift in Sources */ = {isa = PBXBuildFile; fileRef = 3E900A072B1BA3490040F671 /* LinearSearchTests.swift */; };
		3E900A092B1BA3DD0040F671 /* LinearSearch.swift in Sources */ = {isa = PBXBuildFile; fileRef = 3E9009FA2B1BA2960040F671 /* LinearSearch.swift */; };
		3E900A0B2B1BA46D0040F671 /* BinarySearchTests.swift in Sources */ = {isa = PBXBuildFile; fileRef = 3E900A0A2B1BA46D0040F671 /* BinarySearchTests.swift */; };
		3E900A0D2B1BA4F90040F671 /* BinarySearch.swift in Sources */ = {isa = PBXBuildFile; fileRef = 3E900A0C2B1BA4F90040F671 /* BinarySearch.swift */; };
		3E900A0E2B1BA6B20040F671 /* BinarySearch.swift in Sources */ = {isa = PBXBuildFile; fileRef = 3E900A0C2B1BA4F90040F671 /* BinarySearch.swift */; };
		3E900A102B1BA8E50040F671 /* BubbleSort.swift in Sources */ = {isa = PBXBuildFile; fileRef = 3E900A0F2B1BA8E50040F671 /* BubbleSort.swift */; };
		3E900A122B1BA8F70040F671 /* BubbleSortTests.swift in Sources */ = {isa = PBXBuildFile; fileRef = 3E900A112B1BA8F70040F671 /* BubbleSortTests.swift */; };
		3E900A132B1BA9830040F671 /* BubbleSort.swift in Sources */ = {isa = PBXBuildFile; fileRef = 3E900A0F2B1BA8E50040F671 /* BubbleSort.swift */; };
		3E900A152B1BAABA0040F671 /* InsertionSort.swift in Sources */ = {isa = PBXBuildFile; fileRef = 3E900A142B1BAAB90040F671 /* InsertionSort.swift */; };
		3E900A172B1BAB140040F671 /* InsertionSortTests.swift in Sources */ = {isa = PBXBuildFile; fileRef = 3E900A162B1BAB140040F671 /* InsertionSortTests.swift */; };
		3E900A182B1BAB440040F671 /* InsertionSort.swift in Sources */ = {isa = PBXBuildFile; fileRef = 3E900A142B1BAAB90040F671 /* InsertionSort.swift */; };
/* End PBXBuildFile section */

/* Begin PBXCopyFilesBuildPhase section */
		3E46B6C72B0E6BB90073E8EA /* CopyFiles */ = {
			isa = PBXCopyFilesBuildPhase;
			buildActionMask = 2147483647;
			dstPath = /usr/share/man/man1/;
			dstSubfolderSpec = 0;
			files = (
			);
			runOnlyForDeploymentPostprocessing = 1;
		};
/* End PBXCopyFilesBuildPhase section */

/* Begin PBXFileReference section */
		3E46B6C92B0E6BB90073E8EA /* AlgorithmsBible */ = {isa = PBXFileReference; explicitFileType = "compiled.mach-o.executable"; includeInIndex = 0; path = AlgorithmsBible; sourceTree = BUILT_PRODUCTS_DIR; };
		3E46B6CC2B0E6BB90073E8EA /* main.swift */ = {isa = PBXFileReference; lastKnownFileType = sourcecode.swift; path = main.swift; sourceTree = "<group>"; };
		3E46B6D32B0E6BCC0073E8EA /* QuickSort.swift */ = {isa = PBXFileReference; lastKnownFileType = sourcecode.swift; path = QuickSort.swift; sourceTree = "<group>"; };
		3E46B6D72B0FFE880073E8EA /* LinearSearch.swift */ = {isa = PBXFileReference; lastKnownFileType = sourcecode.swift; path = LinearSearch.swift; sourceTree = "<group>"; };
		3E46B6D92B0FFEF80073E8EA /* BinarySearch.swift */ = {isa = PBXFileReference; lastKnownFileType = sourcecode.swift; path = BinarySearch.swift; sourceTree = "<group>"; };
		3E46B6DB2B1002CF0073E8EA /* BubbleSort.swift */ = {isa = PBXFileReference; lastKnownFileType = sourcecode.swift; path = BubbleSort.swift; sourceTree = "<group>"; };
		3E46B6DD2B10036F0073E8EA /* InsertionSort.swift */ = {isa = PBXFileReference; lastKnownFileType = sourcecode.swift; path = InsertionSort.swift; sourceTree = "<group>"; };
		3E46B6DF2B10044B0073E8EA /* MergeSort.swift */ = {isa = PBXFileReference; lastKnownFileType = sourcecode.swift; path = MergeSort.swift; sourceTree = "<group>"; };
		3E9009FA2B1BA2960040F671 /* LinearSearch.swift */ = {isa = PBXFileReference; lastKnownFileType = sourcecode.swift; path = LinearSearch.swift; sourceTree = "<group>"; };
		3E900A002B1BA32F0040F671 /* AlgorithmsTests.xctest */ = {isa = PBXFileReference; explicitFileType = wrapper.cfbundle; includeInIndex = 0; path = AlgorithmsTests.xctest; sourceTree = BUILT_PRODUCTS_DIR; };
		3E900A072B1BA3490040F671 /* LinearSearchTests.swift */ = {isa = PBXFileReference; lastKnownFileType = sourcecode.swift; path = LinearSearchTests.swift; sourceTree = "<group>"; };
		3E900A0A2B1BA46D0040F671 /* BinarySearchTests.swift */ = {isa = PBXFileReference; lastKnownFileType = sourcecode.swift; path = BinarySearchTests.swift; sourceTree = "<group>"; };
		3E900A0C2B1BA4F90040F671 /* BinarySearch.swift */ = {isa = PBXFileReference; lastKnownFileType = sourcecode.swift; path = BinarySearch.swift; sourceTree = "<group>"; };
		3E900A0F2B1BA8E50040F671 /* BubbleSort.swift */ = {isa = PBXFileReference; lastKnownFileType = sourcecode.swift; path = BubbleSort.swift; sourceTree = "<group>"; };
		3E900A112B1BA8F70040F671 /* BubbleSortTests.swift */ = {isa = PBXFileReference; lastKnownFileType = sourcecode.swift; path = BubbleSortTests.swift; sourceTree = "<group>"; };
		3E900A142B1BAAB90040F671 /* InsertionSort.swift */ = {isa = PBXFileReference; lastKnownFileType = sourcecode.swift; path = InsertionSort.swift; sourceTree = "<group>"; };
		3E900A162B1BAB140040F671 /* InsertionSortTests.swift */ = {isa = PBXFileReference; lastKnownFileType = sourcecode.swift; path = InsertionSortTests.swift; sourceTree = "<group>"; };
/* End PBXFileReference section */

/* Begin PBXFrameworksBuildPhase section */
		3E46B6C62B0E6BB90073E8EA /* Frameworks */ = {
			isa = PBXFrameworksBuildPhase;
			buildActionMask = 2147483647;
			files = (
			);
			runOnlyForDeploymentPostprocessing = 0;
		};
		3E9009FD2B1BA32F0040F671 /* Frameworks */ = {
			isa = PBXFrameworksBuildPhase;
			buildActionMask = 2147483647;
			files = (
			);
			runOnlyForDeploymentPostprocessing = 0;
		};
/* End PBXFrameworksBuildPhase section */

/* Begin PBXGroup section */
		3E46B6C02B0E6BB90073E8EA = {
			isa = PBXGroup;
			children = (
				3E46B6CB2B0E6BB90073E8EA /* AlgorithmsBible */,
				3E900A012B1BA32F0040F671 /* AlgorithmsTests */,
				3E46B6CA2B0E6BB90073E8EA /* Products */,
			);
			sourceTree = "<group>";
		};
		3E46B6CA2B0E6BB90073E8EA /* Products */ = {
			isa = PBXGroup;
			children = (
				3E46B6C92B0E6BB90073E8EA /* AlgorithmsBible */,
				3E900A002B1BA32F0040F671 /* AlgorithmsTests.xctest */,
			);
			name = Products;
			sourceTree = "<group>";
		};
		3E46B6CB2B0E6BB90073E8EA /* AlgorithmsBible */ = {
			isa = PBXGroup;
			children = (
				3E9009F52B1BA20B0040F671 /* Answers */,
				3E9009F42B1BA1F10040F671 /* Help */,
				3E46B6CC2B0E6BB90073E8EA /* main.swift */,
			);
			path = AlgorithmsBible;
			sourceTree = "<group>";
		};
		3E9009F42B1BA1F10040F671 /* Help */ = {
			isa = PBXGroup;
			children = (
				3E9009F72B1BA25C0040F671 /* Searching */,
				3E9009F62B1BA2560040F671 /* Sorting */,
			);
			path = Help;
			sourceTree = "<group>";
		};
		3E9009F52B1BA20B0040F671 /* Answers */ = {
			isa = PBXGroup;
			children = (
				3E9009F92B1BA2770040F671 /* Searching */,
				3E9009F82B1BA26F0040F671 /* Sorting */,
			);
			path = Answers;
			sourceTree = "<group>";
		};
		3E9009F62B1BA2560040F671 /* Sorting */ = {
			isa = PBXGroup;
			children = (
				3E46B6DB2B1002CF0073E8EA /* BubbleSort.swift */,
				3E46B6DD2B10036F0073E8EA /* InsertionSort.swift */,
				3E46B6D32B0E6BCC0073E8EA /* QuickSort.swift */,
				3E46B6DF2B10044B0073E8EA /* MergeSort.swift */,
			);
			path = Sorting;
			sourceTree = "<group>";
		};
		3E9009F72B1BA25C0040F671 /* Searching */ = {
			isa = PBXGroup;
			children = (
				3E46B6D92B0FFEF80073E8EA /* BinarySearch.swift */,
				3E46B6D72B0FFE880073E8EA /* LinearSearch.swift */,
			);
			path = Searching;
			sourceTree = "<group>";
		};
		3E9009F82B1BA26F0040F671 /* Sorting */ = {
			isa = PBXGroup;
			children = (
				3E900A0F2B1BA8E50040F671 /* BubbleSort.swift */,
				3E900A142B1BAAB90040F671 /* InsertionSort.swift */,
			);
			path = Sorting;
			sourceTree = "<group>";
		};
		3E9009F92B1BA2770040F671 /* Searching */ = {
			isa = PBXGroup;
			children = (
				3E9009FA2B1BA2960040F671 /* LinearSearch.swift */,
				3E900A0C2B1BA4F90040F671 /* BinarySearch.swift */,
			);
			path = Searching;
			sourceTree = "<group>";
		};
		3E900A012B1BA32F0040F671 /* AlgorithmsTests */ = {
			isa = PBXGroup;
			children = (
				3E900A162B1BAB140040F671 /* InsertionSortTests.swift */,
				3E900A112B1BA8F70040F671 /* BubbleSortTests.swift */,
				3E900A0A2B1BA46D0040F671 /* BinarySearchTests.swift */,
				3E900A072B1BA3490040F671 /* LinearSearchTests.swift */,
			);
			path = AlgorithmsTests;
			sourceTree = "<group>";
		};
/* End PBXGroup section */

/* Begin PBXNativeTarget section */
		3E46B6C82B0E6BB90073E8EA /* AlgorithmsBible */ = {
			isa = PBXNativeTarget;
			buildConfigurationList = 3E46B6D02B0E6BB90073E8EA /* Build configuration list for PBXNativeTarget "AlgorithmsBible" */;
			buildPhases = (
				3E46B6C52B0E6BB90073E8EA /* Sources */,
				3E46B6C62B0E6BB90073E8EA /* Frameworks */,
				3E46B6C72B0E6BB90073E8EA /* CopyFiles */,
			);
			buildRules = (
			);
			dependencies = (
			);
			name = AlgorithmsBible;
			productName = AlgorithmsBible;
			productReference = 3E46B6C92B0E6BB90073E8EA /* AlgorithmsBible */;
			productType = "com.apple.product-type.tool";
		};
		3E9009FF2B1BA32F0040F671 /* AlgorithmsTests */ = {
			isa = PBXNativeTarget;
			buildConfigurationList = 3E900A042B1BA32F0040F671 /* Build configuration list for PBXNativeTarget "AlgorithmsTests" */;
			buildPhases = (
				3E9009FC2B1BA32F0040F671 /* Sources */,
				3E9009FD2B1BA32F0040F671 /* Frameworks */,
				3E9009FE2B1BA32F0040F671 /* Resources */,
			);
			buildRules = (
			);
			dependencies = (
			);
			name = AlgorithmsTests;
			productName = AlgorithmsTests;
			productReference = 3E900A002B1BA32F0040F671 /* AlgorithmsTests.xctest */;
			productType = "com.apple.product-type.bundle.unit-test";
		};
/* End PBXNativeTarget section */

/* Begin PBXProject section */
		3E46B6C12B0E6BB90073E8EA /* Project object */ = {
			isa = PBXProject;
			attributes = {
				BuildIndependentTargetsInParallel = 1;
				LastSwiftUpdateCheck = 1420;
				LastUpgradeCheck = 1420;
				TargetAttributes = {
					3E46B6C82B0E6BB90073E8EA = {
						CreatedOnToolsVersion = 14.2;
					};
					3E9009FF2B1BA32F0040F671 = {
						CreatedOnToolsVersion = 14.2;
					};
				};
			};
			buildConfigurationList = 3E46B6C42B0E6BB90073E8EA /* Build configuration list for PBXProject "AlgorithmsBible" */;
			compatibilityVersion = "Xcode 14.0";
			developmentRegion = en;
			hasScannedForEncodings = 0;
			knownRegions = (
				en,
				Base,
			);
			mainGroup = 3E46B6C02B0E6BB90073E8EA;
			productRefGroup = 3E46B6CA2B0E6BB90073E8EA /* Products */;
			projectDirPath = "";
			projectRoot = "";
			targets = (
				3E46B6C82B0E6BB90073E8EA /* AlgorithmsBible */,
				3E9009FF2B1BA32F0040F671 /* AlgorithmsTests */,
			);
		};
/* End PBXProject section */

/* Begin PBXResourcesBuildPhase section */
		3E9009FE2B1BA32F0040F671 /* Resources */ = {
			isa = PBXResourcesBuildPhase;
			buildActionMask = 2147483647;
			files = (
			);
			runOnlyForDeploymentPostprocessing = 0;
		};
/* End PBXResourcesBuildPhase section */

/* Begin PBXSourcesBuildPhase section */
		3E46B6C52B0E6BB90073E8EA /* Sources */ = {
			isa = PBXSourcesBuildPhase;
			buildActionMask = 2147483647;
			files = (
				3E46B6DA2B0FFEF80073E8EA /* BinarySearch.swift in Sources */,
				3E46B6D82B0FFE880073E8EA /* LinearSearch.swift in Sources */,
				3E900A0D2B1BA4F90040F671 /* BinarySearch.swift in Sources */,
				3E46B6DC2B1002CF0073E8EA /* BubbleSort.swift in Sources */,
				3E46B6DE2B10036F0073E8EA /* InsertionSort.swift in Sources */,
				3E46B6E02B10044B0073E8EA /* MergeSort.swift in Sources */,
				3E46B6CD2B0E6BB90073E8EA /* main.swift in Sources */,
				3E900A102B1BA8E50040F671 /* BubbleSort.swift in Sources */,
				3E900A152B1BAABA0040F671 /* InsertionSort.swift in Sources */,
				3E9009FB2B1BA2960040F671 /* LinearSearch.swift in Sources */,
				3E46B6D42B0E6BCC0073E8EA /* QuickSort.swift in Sources */,
			);
			runOnlyForDeploymentPostprocessing = 0;
		};
		3E9009FC2B1BA32F0040F671 /* Sources */ = {
			isa = PBXSourcesBuildPhase;
			buildActionMask = 2147483647;
			files = (
				3E900A0E2B1BA6B20040F671 /* BinarySearch.swift in Sources */,
				3E900A182B1BAB440040F671 /* InsertionSort.swift in Sources */,
				3E900A172B1BAB140040F671 /* InsertionSortTests.swift in Sources */,
				3E900A092B1BA3DD0040F671 /* LinearSearch.swift in Sources */,
				3E900A0B2B1BA46D0040F671 /* BinarySearchTests.swift in Sources */,
				3E900A122B1BA8F70040F671 /* BubbleSortTests.swift in Sources */,
				3E900A082B1BA3490040F671 /* LinearSearchTests.swift in Sources */,
				3E900A132B1BA9830040F671 /* BubbleSort.swift in Sources */,
			);
			runOnlyForDeploymentPostprocessing = 0;
		};
/* End PBXSourcesBuildPhase section */

/* Begin XCBuildConfiguration section */
		3E46B6CE2B0E6BB90073E8EA /* Debug */ = {
			isa = XCBuildConfiguration;
			buildSettings = {
				ALWAYS_SEARCH_USER_PATHS = NO;
				CLANG_ANALYZER_NONNULL = YES;
				CLANG_ANALYZER_NUMBER_OBJECT_CONVERSION = YES_AGGRESSIVE;
				CLANG_CXX_LANGUAGE_STANDARD = "gnu++20";
				CLANG_ENABLE_MODULES = YES;
				CLANG_ENABLE_OBJC_ARC = YES;
				CLANG_ENABLE_OBJC_WEAK = YES;
				CLANG_WARN_BLOCK_CAPTURE_AUTORELEASING = YES;
				CLANG_WARN_BOOL_CONVERSION = YES;
				CLANG_WARN_COMMA = YES;
				CLANG_WARN_CONSTANT_CONVERSION = YES;
				CLANG_WARN_DEPRECATED_OBJC_IMPLEMENTATIONS = YES;
				CLANG_WARN_DIRECT_OBJC_ISA_USAGE = YES_ERROR;
				CLANG_WARN_DOCUMENTATION_COMMENTS = YES;
				CLANG_WARN_EMPTY_BODY = YES;
				CLANG_WARN_ENUM_CONVERSION = YES;
				CLANG_WARN_INFINITE_RECURSION = YES;
				CLANG_WARN_INT_CONVERSION = YES;
				CLANG_WARN_NON_LITERAL_NULL_CONVERSION = YES;
				CLANG_WARN_OBJC_IMPLICIT_RETAIN_SELF = YES;
				CLANG_WARN_OBJC_LITERAL_CONVERSION = YES;
				CLANG_WARN_OBJC_ROOT_CLASS = YES_ERROR;
				CLANG_WARN_QUOTED_INCLUDE_IN_FRAMEWORK_HEADER = YES;
				CLANG_WARN_RANGE_LOOP_ANALYSIS = YES;
				CLANG_WARN_STRICT_PROTOTYPES = YES;
				CLANG_WARN_SUSPICIOUS_MOVE = YES;
				CLANG_WARN_UNGUARDED_AVAILABILITY = YES_AGGRESSIVE;
				CLANG_WARN_UNREACHABLE_CODE = YES;
				CLANG_WARN__DUPLICATE_METHOD_MATCH = YES;
				COPY_PHASE_STRIP = NO;
				DEBUG_INFORMATION_FORMAT = dwarf;
				ENABLE_STRICT_OBJC_MSGSEND = YES;
				ENABLE_TESTABILITY = YES;
				GCC_C_LANGUAGE_STANDARD = gnu11;
				GCC_DYNAMIC_NO_PIC = NO;
				GCC_NO_COMMON_BLOCKS = YES;
				GCC_OPTIMIZATION_LEVEL = 0;
				GCC_PREPROCESSOR_DEFINITIONS = (
					"DEBUG=1",
					"$(inherited)",
				);
				GCC_WARN_64_TO_32_BIT_CONVERSION = YES;
				GCC_WARN_ABOUT_RETURN_TYPE = YES_ERROR;
				GCC_WARN_UNDECLARED_SELECTOR = YES;
				GCC_WARN_UNINITIALIZED_AUTOS = YES_AGGRESSIVE;
				GCC_WARN_UNUSED_FUNCTION = YES;
				GCC_WARN_UNUSED_VARIABLE = YES;
				MACOSX_DEPLOYMENT_TARGET = 12.6;
				MTL_ENABLE_DEBUG_INFO = INCLUDE_SOURCE;
				MTL_FAST_MATH = YES;
				ONLY_ACTIVE_ARCH = YES;
				SDKROOT = macosx;
				SWIFT_ACTIVE_COMPILATION_CONDITIONS = DEBUG;
				SWIFT_OPTIMIZATION_LEVEL = "-Onone";
			};
			name = Debug;
		};
		3E46B6CF2B0E6BB90073E8EA /* Release */ = {
			isa = XCBuildConfiguration;
			buildSettings = {
				ALWAYS_SEARCH_USER_PATHS = NO;
				CLANG_ANALYZER_NONNULL = YES;
				CLANG_ANALYZER_NUMBER_OBJECT_CONVERSION = YES_AGGRESSIVE;
				CLANG_CXX_LANGUAGE_STANDARD = "gnu++20";
				CLANG_ENABLE_MODULES = YES;
				CLANG_ENABLE_OBJC_ARC = YES;
				CLANG_ENABLE_OBJC_WEAK = YES;
				CLANG_WARN_BLOCK_CAPTURE_AUTORELEASING = YES;
				CLANG_WARN_BOOL_CONVERSION = YES;
				CLANG_WARN_COMMA = YES;
				CLANG_WARN_CONSTANT_CONVERSION = YES;
				CLANG_WARN_DEPRECATED_OBJC_IMPLEMENTATIONS = YES;
				CLANG_WARN_DIRECT_OBJC_ISA_USAGE = YES_ERROR;
				CLANG_WARN_DOCUMENTATION_COMMENTS = YES;
				CLANG_WARN_EMPTY_BODY = YES;
				CLANG_WARN_ENUM_CONVERSION = YES;
				CLANG_WARN_INFINITE_RECURSION = YES;
				CLANG_WARN_INT_CONVERSION = YES;
				CLANG_WARN_NON_LITERAL_NULL_CONVERSION = YES;
				CLANG_WARN_OBJC_IMPLICIT_RETAIN_SELF = YES;
				CLANG_WARN_OBJC_LITERAL_CONVERSION = YES;
				CLANG_WARN_OBJC_ROOT_CLASS = YES_ERROR;
				CLANG_WARN_QUOTED_INCLUDE_IN_FRAMEWORK_HEADER = YES;
				CLANG_WARN_RANGE_LOOP_ANALYSIS = YES;
				CLANG_WARN_STRICT_PROTOTYPES = YES;
				CLANG_WARN_SUSPICIOUS_MOVE = YES;
				CLANG_WARN_UNGUARDED_AVAILABILITY = YES_AGGRESSIVE;
				CLANG_WARN_UNREACHABLE_CODE = YES;
				CLANG_WARN__DUPLICATE_METHOD_MATCH = YES;
				COPY_PHASE_STRIP = NO;
				DEBUG_INFORMATION_FORMAT = "dwarf-with-dsym";
				ENABLE_NS_ASSERTIONS = NO;
				ENABLE_STRICT_OBJC_MSGSEND = YES;
				GCC_C_LANGUAGE_STANDARD = gnu11;
				GCC_NO_COMMON_BLOCKS = YES;
				GCC_WARN_64_TO_32_BIT_CONVERSION = YES;
				GCC_WARN_ABOUT_RETURN_TYPE = YES_ERROR;
				GCC_WARN_UNDECLARED_SELECTOR = YES;
				GCC_WARN_UNINITIALIZED_AUTOS = YES_AGGRESSIVE;
				GCC_WARN_UNUSED_FUNCTION = YES;
				GCC_WARN_UNUSED_VARIABLE = YES;
				MACOSX_DEPLOYMENT_TARGET = 12.6;
				MTL_ENABLE_DEBUG_INFO = NO;
				MTL_FAST_MATH = YES;
				SDKROOT = macosx;
				SWIFT_COMPILATION_MODE = wholemodule;
				SWIFT_OPTIMIZATION_LEVEL = "-O";
			};
			name = Release;
		};
		3E46B6D12B0E6BB90073E8EA /* Debug */ = {
			isa = XCBuildConfiguration;
			buildSettings = {
				CODE_SIGN_STYLE = Automatic;
				DEVELOPMENT_TEAM = Q39DSUR7BS;
				ENABLE_HARDENED_RUNTIME = YES;
				PRODUCT_NAME = "$(TARGET_NAME)";
				SWIFT_VERSION = 5.0;
			};
			name = Debug;
		};
		3E46B6D22B0E6BB90073E8EA /* Release */ = {
			isa = XCBuildConfiguration;
			buildSettings = {
				CODE_SIGN_STYLE = Automatic;
				DEVELOPMENT_TEAM = Q39DSUR7BS;
				ENABLE_HARDENED_RUNTIME = YES;
				PRODUCT_NAME = "$(TARGET_NAME)";
				SWIFT_VERSION = 5.0;
			};
			name = Release;
		};
		3E900A052B1BA32F0040F671 /* Debug */ = {
			isa = XCBuildConfiguration;
			buildSettings = {
				CODE_SIGN_STYLE = Automatic;
				CURRENT_PROJECT_VERSION = 1;
				DEVELOPMENT_TEAM = Q39DSUR7BS;
				GENERATE_INFOPLIST_FILE = YES;
				IPHONEOS_DEPLOYMENT_TARGET = 16.2;
				MACOSX_DEPLOYMENT_TARGET = 12.6;
				MARKETING_VERSION = 1.0;
				PRODUCT_BUNDLE_IDENTIFIER = com.itsmc.AlgorithmsTests;
				PRODUCT_NAME = "$(TARGET_NAME)";
				SDKROOT = auto;
				SUPPORTED_PLATFORMS = "iphoneos iphonesimulator macosx";
				SWIFT_EMIT_LOC_STRINGS = NO;
				SWIFT_VERSION = 5.0;
				TARGETED_DEVICE_FAMILY = "1,2";
			};
			name = Debug;
		};
		3E900A062B1BA32F0040F671 /* Release */ = {
			isa = XCBuildConfiguration;
			buildSettings = {
				CODE_SIGN_STYLE = Automatic;
				CURRENT_PROJECT_VERSION = 1;
				DEVELOPMENT_TEAM = Q39DSUR7BS;
				GENERATE_INFOPLIST_FILE = YES;
				IPHONEOS_DEPLOYMENT_TARGET = 16.2;
				MACOSX_DEPLOYMENT_TARGET = 12.6;
				MARKETING_VERSION = 1.0;
				PRODUCT_BUNDLE_IDENTIFIER = com.itsmc.AlgorithmsTests;
				PRODUCT_NAME = "$(TARGET_NAME)";
				SDKROOT = auto;
				SUPPORTED_PLATFORMS = "iphoneos iphonesimulator macosx";
				SWIFT_EMIT_LOC_STRINGS = NO;
				SWIFT_VERSION = 5.0;
				TARGETED_DEVICE_FAMILY = "1,2";
			};
			name = Release;
		};
/* End XCBuildConfiguration section */

/* Begin XCConfigurationList section */
		3E46B6C42B0E6BB90073E8EA /* Build configuration list for PBXProject "AlgorithmsBible" */ = {
			isa = XCConfigurationList;
			buildConfigurations = (
				3E46B6CE2B0E6BB90073E8EA /* Debug */,
				3E46B6CF2B0E6BB90073E8EA /* Release */,
			);
			defaultConfigurationIsVisible = 0;
			defaultConfigurationName = Release;
		};
		3E46B6D02B0E6BB90073E8EA /* Build configuration list for PBXNativeTarget "AlgorithmsBible" */ = {
			isa = XCConfigurationList;
			buildConfigurations = (
				3E46B6D12B0E6BB90073E8EA /* Debug */,
				3E46B6D22B0E6BB90073E8EA /* Release */,
			);
			defaultConfigurationIsVisible = 0;
			defaultConfigurationName = Release;
		};
		3E900A042B1BA32F0040F671 /* Build configuration list for PBXNativeTarget "AlgorithmsTests" */ = {
			isa = XCConfigurationList;
			buildConfigurations = (
				3E900A052B1BA32F0040F671 /* Debug */,
				3E900A062B1BA32F0040F671 /* Release */,
			);
			defaultConfigurationIsVisible = 0;
			defaultConfigurationName = Release;
		};
/* End XCConfigurationList section */
	};
	rootObject = 3E46B6C12B0E6BB90073E8EA /* Project object */;
}
